
Microsoft Visual Studio Solution File, Format Version 12.00
# Visual Studio Version 16
VisualStudioVersion = 25.0.1706.1
MinimumVisualStudioVersion = 10.0.40219.1
Project("{FAE04EC0-301F-11D3-BF4B-00C04F79EFBC}") = "LINQ", "LINQ\LINQ.csproj", "{63C82E53-B3C3-4730-9578-C9F4A7C726F2}"
EndProject
Global
	GlobalSection(SolutionConfigurationPlatforms) = preSolution
		Debug|Any CPU = Debug|Any CPU
		Release|Any CPU = Release|Any CPU
	EndGlobalSection
	GlobalSection(ProjectConfigurationPlatforms) = postSolution
		{63C82E53-B3C3-4730-9578-C9F4A7C726F2}.Debug|Any CPU.ActiveCfg = Debug|Any CPU
		{63C82E53-B3C3-4730-9578-C9F4A7C726F2}.Debug|Any CPU.Build.0 = Debug|Any CPU
		{63C82E53-B3C3-4730-9578-C9F4A7C726F2}.Release|Any CPU.ActiveCfg = Release|Any CPU
		{63C82E53-B3C3-4730-9578-C9F4A7C726F2}.Release|Any CPU.Build.0 = Release|Any CPU
	EndGlobalSection
	GlobalSection(SolutionProperties) = preSolution
		HideSolutionNode = FALSE
	EndGlobalSection
	GlobalSection(ExtensibilityGlobals) = postSolution
		SolutionGuid = {F293589F-5E3B-49C5-A262-078B00B53430}
	EndGlobalSection
EndGlobal
