
Microsoft Visual Studio Solution File, Format Version 12.00
# Visual Studio Version 16
VisualStudioVersion = 25.0.1705.0
MinimumVisualStudioVersion = 10.0.40219.1
Project("{FAE04EC0-301F-11D3-BF4B-00C04F79EFBC}") = "SmartHome", "SmartHome.csproj", "{4C7349D9-59B2-4DEC-BF1A-AA821C7F4F34}"
EndProject
Global
	GlobalSection(SolutionConfigurationPlatforms) = preSolution
		Debug|Any CPU = Debug|Any CPU
		Release|Any CPU = Release|Any CPU
	EndGlobalSection
	GlobalSection(ProjectConfigurationPlatforms) = postSolution
		{4C7349D9-59B2-4DEC-BF1A-AA821C7F4F34}.Debug|Any CPU.ActiveCfg = Debug|Any CPU
		{4C7349D9-59B2-4DEC-BF1A-AA821C7F4F34}.Debug|Any CPU.Build.0 = Debug|Any CPU
		{4C7349D9-59B2-4DEC-BF1A-AA821C7F4F34}.Release|Any CPU.ActiveCfg = Release|Any CPU
		{4C7349D9-59B2-4DEC-BF1A-AA821C7F4F34}.Release|Any CPU.Build.0 = Release|Any CPU
	EndGlobalSection
	GlobalSection(SolutionProperties) = preSolution
		HideSolutionNode = FALSE
	EndGlobalSection
	GlobalSection(ExtensibilityGlobals) = postSolution
		SolutionGuid = {4B911FCD-FD14-4289-AB0D-8EE0D1F1C64D}
	EndGlobalSection
EndGlobal
