
Microsoft Visual Studio Solution File, Format Version 12.00
# Visual Studio Version 16
VisualStudioVersion = 25.0.1706.1
MinimumVisualStudioVersion = 10.0.40219.1
Project("{FAE04EC0-301F-11D3-BF4B-00C04F79EFBC}") = "TaxCalculating", "TaxCalculating\TaxCalculating.csproj", "{CC74DD0F-A35E-45C7-864C-174D6330F7EE}"
EndProject
Global
	GlobalSection(SolutionConfigurationPlatforms) = preSolution
		Debug|Any CPU = Debug|Any CPU
		Release|Any CPU = Release|Any CPU
	EndGlobalSection
	GlobalSection(ProjectConfigurationPlatforms) = postSolution
		{CC74DD0F-A35E-45C7-864C-174D6330F7EE}.Debug|Any CPU.ActiveCfg = Debug|Any CPU
		{CC74DD0F-A35E-45C7-864C-174D6330F7EE}.Debug|Any CPU.Build.0 = Debug|Any CPU
		{CC74DD0F-A35E-45C7-864C-174D6330F7EE}.Release|Any CPU.ActiveCfg = Release|Any CPU
		{CC74DD0F-A35E-45C7-864C-174D6330F7EE}.Release|Any CPU.Build.0 = Release|Any CPU
	EndGlobalSection
	GlobalSection(SolutionProperties) = preSolution
		HideSolutionNode = FALSE
	EndGlobalSection
	GlobalSection(ExtensibilityGlobals) = postSolution
		SolutionGuid = {457C1B24-6AB6-4C33-B143-67F8E1EB107F}
	EndGlobalSection
EndGlobal
