
Microsoft Visual Studio Solution File, Format Version 12.00
# Visual Studio Version 17
VisualStudioVersion = 17.6.33829.357
MinimumVisualStudioVersion = 10.0.40219.1
Project("{FAE04EC0-301F-11D3-BF4B-00C04F79EFBC}") = "CentimeterToInch", "CentimeterToInch\CentimeterToInch.csproj", "{756B8FD4-0EAC-40EF-BFB4-1C03A77B153A}"
EndProject
Global
	GlobalSection(SolutionConfigurationPlatforms) = preSolution
		Debug|Any CPU = Debug|Any CPU
		Release|Any CPU = Release|Any CPU
	EndGlobalSection
	GlobalSection(ProjectConfigurationPlatforms) = postSolution
		{756B8FD4-0EAC-40EF-BFB4-1C03A77B153A}.Debug|Any CPU.ActiveCfg = Debug|Any CPU
		{756B8FD4-0EAC-40EF-BFB4-1C03A77B153A}.Debug|Any CPU.Build.0 = Debug|Any CPU
		{756B8FD4-0EAC-40EF-BFB4-1C03A77B153A}.Release|Any CPU.ActiveCfg = Release|Any CPU
		{756B8FD4-0EAC-40EF-BFB4-1C03A77B153A}.Release|Any CPU.Build.0 = Release|Any CPU
	EndGlobalSection
	GlobalSection(SolutionProperties) = preSolution
		HideSolutionNode = FALSE
	EndGlobalSection
	GlobalSection(ExtensibilityGlobals) = postSolution
		SolutionGuid = {FA4773DB-0AC5-4222-93F4-E1E3C3A3BD19}
	EndGlobalSection
EndGlobal
